
Microsoft Visual Studio Solution File, Format Version 12.00
# Visual Studio Version 17
VisualStudioVersion = 17.6.33829.357
MinimumVisualStudioVersion = 10.0.40219.1
Project("{FAE04EC0-301F-11D3-BF4B-00C04F79EFBC}") = "Free MS Store Apps", "Free MS Store Apps.csproj", "{023D3CF2-1AA9-4CCF-9EF9-3C0E535AA784}"
EndProject
Global
	GlobalSection(SolutionConfigurationPlatforms) = preSolution
		Debug|Any CPU = Debug|Any CPU
		Release|Any CPU = Release|Any CPU
	EndGlobalSection
	GlobalSection(ProjectConfigurationPlatforms) = postSolution
		{023D3CF2-1AA9-4CCF-9EF9-3C0E535AA784}.Debug|Any CPU.ActiveCfg = Debug|Any CPU
		{023D3CF2-1AA9-4CCF-9EF9-3C0E535AA784}.Debug|Any CPU.Build.0 = Debug|Any CPU
		{023D3CF2-1AA9-4CCF-9EF9-3C0E535AA784}.Release|Any CPU.ActiveCfg = Release|Any CPU
		{023D3CF2-1AA9-4CCF-9EF9-3C0E535AA784}.Release|Any CPU.Build.0 = Release|Any CPU
	EndGlobalSection
	GlobalSection(SolutionProperties) = preSolution
		HideSolutionNode = FALSE
	EndGlobalSection
	GlobalSection(ExtensibilityGlobals) = postSolution
		SolutionGuid = {B94BA58E-9E99-47F7-AD84-D97F0CAF46AE}
	EndGlobalSection
EndGlobal
